lockfileVersion: '6.0'

settings:
  autoInstallPeers: true
  excludeLinksFromLockfile: false

dependencies:
  next:
    specifier: 15.0.0-canary.111
    version: 15.0.0-canary.111(react-dom@19.0.0-rc-187dd6a7-20240806)(react@19.0.0-rc-187dd6a7-20240806)
  react:
    specifier: 19.0.0-rc-187dd6a7-20240806
    version: 19.0.0-rc-187dd6a7-20240806
  react-dom:
    specifier: 19.0.0-rc-187dd6a7-20240806
    version: 19.0.0-rc-187dd6a7-20240806(react@19.0.0-rc-187dd6a7-20240806)

packages:

  /@emnapi/runtime@1.2.0:
    resolution: {integrity: sha512-bV21/9LQmcQeCPEg3BDFtvwL6cwiTMksYNWQQ4KOxCZikEGalWtenoZ0wCiukJINlGCIi2KXx01g4FoH/LxpzQ==}
    requiresBuild: true
    dependencies:
      tslib: 2.6.3
    dev: false
    optional: true

  /@img/sharp-darwin-arm64@0.33.4:
    resolution: {integrity: sha512-p0suNqXufJs9t3RqLBO6vvrgr5OhgbWp76s5gTRvdmxmuv9E1rcaqGUsl3l4mKVmXPkTkTErXediAui4x+8PSA==}
    engines: {glibc: '>=2.26', node: ^18.17.0 || ^20.3.0 || >=21.0.0, npm: '>=9.6.5', pnpm: '>=7.1.0', yarn: '>=3.2.0'}
    cpu: [arm64]
    os: [darwin]
    requiresBuild: true
    optionalDependencies:
      '@img/sharp-libvips-darwin-arm64': 1.0.2
    dev: false
    optional: true

  /@img/sharp-darwin-x64@0.33.4:
    resolution: {integrity: sha512-0l7yRObwtTi82Z6ebVI2PnHT8EB2NxBgpK2MiKJZJ7cz32R4lxd001ecMhzzsZig3Yv9oclvqqdV93jo9hy+Dw==}
    engines: {glibc: '>=2.26', node: ^18.17.0 || ^20.3.0 || >=21.0.0, npm: '>=9.6.5', pnpm: '>=7.1.0', yarn: '>=3.2.0'}
    cpu: [x64]
    os: [darwin]
    requiresBuild: true
    optionalDependencies:
      '@img/sharp-libvips-darwin-x64': 1.0.2
    dev: false
    optional: true

  /@img/sharp-libvips-darwin-arm64@1.0.2:
    resolution: {integrity: sha512-tcK/41Rq8IKlSaKRCCAuuY3lDJjQnYIW1UXU1kxcEKrfL8WR7N6+rzNoOxoQRJWTAECuKwgAHnPvqXGN8XfkHA==}
    engines: {macos: '>=11', npm: '>=9.6.5', pnpm: '>=7.1.0', yarn: '>=3.2.0'}
    cpu: [arm64]
    os: [darwin]
    requiresBuild: true
    dev: false
    optional: true

  /@img/sharp-libvips-darwin-x64@1.0.2:
    resolution: {integrity: sha512-Ofw+7oaWa0HiiMiKWqqaZbaYV3/UGL2wAPeLuJTx+9cXpCRdvQhCLG0IH8YGwM0yGWGLpsF4Su9vM1o6aer+Fw==}
    engines: {macos: '>=10.13', npm: '>=9.6.5', pnpm: '>=7.1.0', yarn: '>=3.2.0'}
    cpu: [x64]
    os: [darwin]
    requiresBuild: true
    dev: false
    optional: true

  /@img/sharp-libvips-linux-arm64@1.0.2:
    resolution: {integrity: sha512-x7kCt3N00ofFmmkkdshwj3vGPCnmiDh7Gwnd4nUwZln2YjqPxV1NlTyZOvoDWdKQVDL911487HOueBvrpflagw==}
    engines: {glibc: '>=2.26', npm: '>=9.6.5', pnpm: '>=7.1.0', yarn: '>=3.2.0'}
    cpu: [arm64]
    os: [linux]
    requiresBuild: true
    dev: false
    optional: true

  /@img/sharp-libvips-linux-arm@1.0.2:
    resolution: {integrity: sha512-iLWCvrKgeFoglQxdEwzu1eQV04o8YeYGFXtfWU26Zr2wWT3q3MTzC+QTCO3ZQfWd3doKHT4Pm2kRmLbupT+sZw==}
    engines: {glibc: '>=2.28', npm: '>=9.6.5', pnpm: '>=7.1.0', yarn: '>=3.2.0'}
    cpu: [arm]
    os: [linux]
    requiresBuild: true
    dev: false
    optional: true

  /@img/sharp-libvips-linux-s390x@1.0.2:
    resolution: {integrity: sha512-cmhQ1J4qVhfmS6szYW7RT+gLJq9dH2i4maq+qyXayUSn9/3iY2ZeWpbAgSpSVbV2E1JUL2Gg7pwnYQ1h8rQIog==}
    engines: {glibc: '>=2.28', npm: '>=9.6.5', pnpm: '>=7.1.0', yarn: '>=3.2.0'}
    cpu: [s390x]
    os: [linux]
    requiresBuild: true
    dev: false
    optional: true

  /@img/sharp-libvips-linux-x64@1.0.2:
    resolution: {integrity: sha512-E441q4Qdb+7yuyiADVi5J+44x8ctlrqn8XgkDTwr4qPJzWkaHwD489iZ4nGDgcuya4iMN3ULV6NwbhRZJ9Z7SQ==}
    engines: {glibc: '>=2.26', npm: '>=9.6.5', pnpm: '>=7.1.0', yarn: '>=3.2.0'}
    cpu: [x64]
    os: [linux]
    requiresBuild: true
    dev: false
    optional: true

  /@img/sharp-libvips-linuxmusl-arm64@1.0.2:
    resolution: {integrity: sha512-3CAkndNpYUrlDqkCM5qhksfE+qSIREVpyoeHIU6jd48SJZViAmznoQQLAv4hVXF7xyUB9zf+G++e2v1ABjCbEQ==}
    engines: {musl: '>=1.2.2', npm: '>=9.6.5', pnpm: '>=7.1.0', yarn: '>=3.2.0'}
    cpu: [arm64]
    os: [linux]
    requiresBuild: true
    dev: false
    optional: true

  /@img/sharp-libvips-linuxmusl-x64@1.0.2:
    resolution: {integrity: sha512-VI94Q6khIHqHWNOh6LLdm9s2Ry4zdjWJwH56WoiJU7NTeDwyApdZZ8c+SADC8OH98KWNQXnE01UdJ9CSfZvwZw==}
    engines: {musl: '>=1.2.2', npm: '>=9.6.5', pnpm: '>=7.1.0', yarn: '>=3.2.0'}
    cpu: [x64]
    os: [linux]
    requiresBuild: true
    dev: false
    optional: true

  /@img/sharp-linux-arm64@0.33.4:
    resolution: {integrity: sha512-2800clwVg1ZQtxwSoTlHvtm9ObgAax7V6MTAB/hDT945Tfyy3hVkmiHpeLPCKYqYR1Gcmv1uDZ3a4OFwkdBL7Q==}
    engines: {glibc: '>=2.26', node: ^18.17.0 || ^20.3.0 || >=21.0.0, npm: '>=9.6.5', pnpm: '>=7.1.0', yarn: '>=3.2.0'}
    cpu: [arm64]
    os: [linux]
    requiresBuild: true
    optionalDependencies:
      '@img/sharp-libvips-linux-arm64': 1.0.2
    dev: false
    optional: true

  /@img/sharp-linux-arm@0.33.4:
    resolution: {integrity: sha512-RUgBD1c0+gCYZGCCe6mMdTiOFS0Zc/XrN0fYd6hISIKcDUbAW5NtSQW9g/powkrXYm6Vzwd6y+fqmExDuCdHNQ==}
    engines: {glibc: '>=2.28', node: ^18.17.0 || ^20.3.0 || >=21.0.0, npm: '>=9.6.5', pnpm: '>=7.1.0', yarn: '>=3.2.0'}
    cpu: [arm]
    os: [linux]
    requiresBuild: true
    optionalDependencies:
      '@img/sharp-libvips-linux-arm': 1.0.2
    dev: false
    optional: true

  /@img/sharp-linux-s390x@0.33.4:
    resolution: {integrity: sha512-h3RAL3siQoyzSoH36tUeS0PDmb5wINKGYzcLB5C6DIiAn2F3udeFAum+gj8IbA/82+8RGCTn7XW8WTFnqag4tQ==}
    engines: {glibc: '>=2.31', node: ^18.17.0 || ^20.3.0 || >=21.0.0, npm: '>=9.6.5', pnpm: '>=7.1.0', yarn: '>=3.2.0'}
    cpu: [s390x]
    os: [linux]
    requiresBuild: true
    optionalDependencies:
      '@img/sharp-libvips-linux-s390x': 1.0.2
    dev: false
    optional: true

  /@img/sharp-linux-x64@0.33.4:
    resolution: {integrity: sha512-GoR++s0XW9DGVi8SUGQ/U4AeIzLdNjHka6jidVwapQ/JebGVQIpi52OdyxCNVRE++n1FCLzjDovJNozif7w/Aw==}
    engines: {glibc: '>=2.26', node: ^18.17.0 || ^20.3.0 || >=21.0.0, npm: '>=9.6.5', pnpm: '>=7.1.0', yarn: '>=3.2.0'}
    cpu: [x64]
    os: [linux]
    requiresBuild: true
    optionalDependencies:
      '@img/sharp-libvips-linux-x64': 1.0.2
    dev: false
    optional: true

  /@img/sharp-linuxmusl-arm64@0.33.4:
    resolution: {integrity: sha512-nhr1yC3BlVrKDTl6cO12gTpXMl4ITBUZieehFvMntlCXFzH2bvKG76tBL2Y/OqhupZt81pR7R+Q5YhJxW0rGgQ==}
    engines: {musl: '>=1.2.2', node: ^18.17.0 || ^20.3.0 || >=21.0.0, npm: '>=9.6.5', pnpm: '>=7.1.0', yarn: '>=3.2.0'}
    cpu: [arm64]
    os: [linux]
    requiresBuild: true
    optionalDependencies:
      '@img/sharp-libvips-linuxmusl-arm64': 1.0.2
    dev: false
    optional: true

  /@img/sharp-linuxmusl-x64@0.33.4:
    resolution: {integrity: sha512-uCPTku0zwqDmZEOi4ILyGdmW76tH7dm8kKlOIV1XC5cLyJ71ENAAqarOHQh0RLfpIpbV5KOpXzdU6XkJtS0daw==}
    engines: {musl: '>=1.2.2', node: ^18.17.0 || ^20.3.0 || >=21.0.0, npm: '>=9.6.5', pnpm: '>=7.1.0', yarn: '>=3.2.0'}
    cpu: [x64]
    os: [linux]
    requiresBuild: true
    optionalDependencies:
      '@img/sharp-libvips-linuxmusl-x64': 1.0.2
    dev: false
    optional: true

  /@img/sharp-wasm32@0.33.4:
    resolution: {integrity: sha512-Bmmauh4sXUsUqkleQahpdNXKvo+wa1V9KhT2pDA4VJGKwnKMJXiSTGphn0gnJrlooda0QxCtXc6RX1XAU6hMnQ==}
    engines: {node: ^18.17.0 || ^20.3.0 || >=21.0.0, npm: '>=9.6.5', pnpm: '>=7.1.0', yarn: '>=3.2.0'}
    cpu: [wasm32]
    requiresBuild: true
    dependencies:
      '@emnapi/runtime': 1.2.0
    dev: false
    optional: true

  /@img/sharp-win32-ia32@0.33.4:
    resolution: {integrity: sha512-99SJ91XzUhYHbx7uhK3+9Lf7+LjwMGQZMDlO/E/YVJ7Nc3lyDFZPGhjwiYdctoH2BOzW9+TnfqcaMKt0jHLdqw==}
    engines: {node: ^18.17.0 || ^20.3.0 || >=21.0.0, npm: '>=9.6.5', pnpm: '>=7.1.0', yarn: '>=3.2.0'}
    cpu: [ia32]
    os: [win32]
    requiresBuild: true
    dev: false
    optional: true

  /@img/sharp-win32-x64@0.33.4:
    resolution: {integrity: sha512-3QLocdTRVIrFNye5YocZl+KKpYKP+fksi1QhmOArgx7GyhIbQp/WrJRu176jm8IxromS7RIkzMiMINVdBtC8Aw==}
    engines: {node: ^18.17.0 || ^20.3.0 || >=21.0.0, npm: '>=9.6.5', pnpm: '>=7.1.0', yarn: '>=3.2.0'}
    cpu: [x64]
    os: [win32]
    requiresBuild: true
    dev: false
    optional: true

  /@next/env@15.0.0-canary.111:
    resolution: {integrity: sha512-gmsKvUkIx9GsHu+yU/GFupbtIKBQuVAS0S6GKBD56yTxjjvFJxAj3YLbPRFX0/YVwEYgNGqBnewJMa5C7ryy+g==}
    dev: false

  /@next/swc-darwin-arm64@15.0.0-canary.111:
    resolution: {integrity: sha512-S4UxPk1LslogPbqcy+CxJaTRkrt1cK2d69JZ89oJVwcZ8kyJFxz/tH7TodWy4Lt4vR1UFbKmFQONdtDURWwBPg==}
    engines: {node: '>= 10'}
    cpu: [arm64]
    os: [darwin]
    requiresBuild: true
    dev: false
    optional: true

  /@next/swc-darwin-x64@15.0.0-canary.111:
    resolution: {integrity: sha512-kGNJdyKcbD9SVsBnPzAtaBHolzUewxu5vAxii6ArVCkKfvAY/4lFnedOsTS+GVqsGhq4SfbXTIiGFhweoKtgkQ==}
    engines: {node: '>= 10'}
    cpu: [x64]
    os: [darwin]
    requiresBuild: true
    dev: false
    optional: true

  /@next/swc-linux-arm64-gnu@15.0.0-canary.111:
    resolution: {integrity: sha512-D7sm1etGzOC1jMaXD3pDwvPa7N6c7bsAsNO4upvM3fTXZbfOF1/VXeIDRjQmKzOWN8nxxxxMuhTpwkNT3oHKoQ==}
    engines: {node: '>= 10'}
    cpu: [arm64]
    os: [linux]
    requiresBuild: true
    dev: false
    optional: true

  /@next/swc-linux-arm64-musl@15.0.0-canary.111:
    resolution: {integrity: sha512-OSMd9sGx2LIJBFNuWmSa+WyhIBvq7SC8hSHfc2Vc84LEbzWiIzNUY4q5PZAvmo7fYcUvbRDhldhucXSZ2xPmgQ==}
    engines: {node: '>= 10'}
    cpu: [arm64]
    os: [linux]
    requiresBuild: true
    dev: false
    optional: true

  /@next/swc-linux-x64-gnu@15.0.0-canary.111:
    resolution: {integrity: sha512-GPeXLcI+GD2FsER+hu5TIOdI7//VXUvjWNhvNJGHhbKEtbUXRf//b9C2/UCJ6YhCTfLW+v6ltzk96Osgj7xJ6Q==}
    engines: {node: '>= 10'}
    cpu: [x64]
    os: [linux]
    requiresBuild: true
    dev: false
    optional: true

  /@next/swc-linux-x64-musl@15.0.0-canary.111:
    resolution: {integrity: sha512-WJ9a0hs5gXabLPqAFERKBq40mZAtcGyF0i9/VKghcpsaUda2A8aoY+jUR5IxfWLj6yFDvRgW2WS7trXAI2fcZw==}
    engines: {node: '>= 10'}
    cpu: [x64]
    os: [linux]
    requiresBuild: true
    dev: false
    optional: true

  /@next/swc-win32-arm64-msvc@15.0.0-canary.111:
    resolution: {integrity: sha512-nJCcggnCPh7UioX3APXDOtwNZbXXnMqYynGM/4lypomGNjONCqDFxq60YafnOeHvBprvoy3SP7VUhwAy92PekQ==}
    engines: {node: '>= 10'}
    cpu: [arm64]
    os: [win32]
    requiresBuild: true
    dev: false
    optional: true

  /@next/swc-win32-ia32-msvc@15.0.0-canary.111:
    resolution: {integrity: sha512-awjhiaNLm4hkEZ6LMQMKo6gWigv7KTWzaBsjkX+vwxOcpfUibE3trHyzJrBzU94pGFxT1fdCIvHVELP3fApf4A==}
    engines: {node: '>= 10'}
    cpu: [ia32]
    os: [win32]
    requiresBuild: true
    dev: false
    optional: true

  /@next/swc-win32-x64-msvc@15.0.0-canary.111:
    resolution: {integrity: sha512-N18ZRbqVIxLXAe8Cnc1+y3vdMYr/eQkGxYlXt5UlmSVk1+dnN5pLL3gkV2lf8T+3DonzSp8zAR89YNiCvbhNGA==}
    engines: {node: '>= 10'}
    cpu: [x64]
    os: [win32]
    requiresBuild: true
    dev: false
    optional: true

  /@swc/counter@0.1.3:
    resolution: {integrity: sha512-e2BR4lsJkkRlKZ/qCHPw9ZaSxc0MVUd7gtbtaB7aMvHeJVYe8sOB8DBZkP2DtISHGSku9sCK6T6cnY0CtXrOCQ==}
    dev: false

  /@swc/helpers@0.5.12:
    resolution: {integrity: sha512-KMZNXiGibsW9kvZAO1Pam2JPTDBm+KSHMMHWdsyI/1DbIZjT2A6Gy3hblVXUMEDvUAKq+e0vL0X0o54owWji7g==}
    dependencies:
      tslib: 2.6.3
    dev: false

  /busboy@1.6.0:
    resolution: {integrity: sha512-8SFQbg/0hQ9xy3UNTB0YEnsNBbWfhf7RtnzpL7TkBiTBRfrQ9Fxcnz7VJsleJpyp6rVLvXiuORqjlHi5q+PYuA==}
    engines: {node: '>=10.16.0'}
    dependencies:
      streamsearch: 1.1.0
    dev: false

  /caniuse-lite@1.0.30001651:
    resolution: {integrity: sha512-9Cf+Xv1jJNe1xPZLGuUXLNkE1BoDkqRqYyFJ9TDYSqhduqA4hu4oR9HluGoWYQC/aj8WHjsGVV+bwkh0+tegRg==}
    dev: false

  /client-only@0.0.1:
    resolution: {integrity: sha512-IV3Ou0jSMzZrd3pZ48nLkT9DA7Ag1pnPzaiQhpW7c3RbcqqzvzzVu+L8gfqMp/8IM2MQtSiqaCxrrcfu8I8rMA==}
    dev: false

  /color-convert@2.0.1:
    resolution: {integrity: sha512-RRECPsj7iu/xb5oKYcsFHSppFNnsj/52OVTRKb4zP5onXwVF3zVmmToNcOfGC+CRDpfK/U584fMg38ZHCaElKQ==}
    engines: {node: '>=7.0.0'}
    requiresBuild: true
    dependencies:
      color-name: 1.1.4
    dev: false
    optional: true

  /color-name@1.1.4:
    resolution: {integrity: sha512-dOy+3AuW3a2wNbZHIuMZpTcgjGuLU/uBL/ubcZF9OXbDo8ff4O8yVp5Bf0efS8uEoYo5q4Fx7dY9OgQGXgAsQA==}
    requiresBuild: true
    dev: false
    optional: true

  /color-string@1.9.1:
    resolution: {integrity: sha512-shrVawQFojnZv6xM40anx4CkoDP+fZsw/ZerEMsW/pyzsRbElpsL/DBVW7q3ExxwusdNXI3lXpuhEZkzs8p5Eg==}
    requiresBuild: true
    dependencies:
      color-name: 1.1.4
      simple-swizzle: 0.2.2
    dev: false
    optional: true

  /color@4.2.3:
    resolution: {integrity: sha512-1rXeuUUiGGrykh+CeBdu5Ie7OJwinCgQY0bc7GCRxy5xVHy+moaqkpL/jqQq0MtQOeYcrqEz4abc5f0KtU7W4A==}
    engines: {node: '>=12.5.0'}
    requiresBuild: true
    dependencies:
      color-convert: 2.0.1
      color-string: 1.9.1
    dev: false
    optional: true

  /detect-libc@2.0.3:
    resolution: {integrity: sha512-bwy0MGW55bG41VqxxypOsdSdGqLwXPI/focwgTYCFMbdUiBAxLg9CFzG08sz2aqzknwiX7Hkl0bQENjg8iLByw==}
    engines: {node: '>=8'}
    requiresBuild: true
    dev: false
    optional: true

  /graceful-fs@4.2.11:
    resolution: {integrity: sha512-RbJ5/jmFcNNCcDV5o9eTnBLJ/HszWV0P73bc+Ff4nS/rJj+YaS6IGyiOL0VoBYX+l1Wrl3k63h/KrH+nhJ0XvQ==}
    dev: false

  /is-arrayish@0.3.2:
    resolution: {integrity: sha512-eVRqCvVlZbuw3GrM63ovNSNAeA1K16kaR/LRY/92w0zxQ5/1YzwblUX652i4Xs9RwAGjW9d9y6X88t8OaAJfWQ==}
    requiresBuild: true
    dev: false
    optional: true

  /nanoid@3.3.7:
    resolution: {integrity: sha512-eSRppjcPIatRIMC1U6UngP8XFcz8MQWGQdt1MTBQ7NaAmvXDfvNxbvWV3x2y6CdEUciCSsDHDQZbhYaB8QEo2g==}
    engines: {node: ^10 || ^12 || ^13.7 || ^14 || >=15.0.1}
    hasBin: true
    dev: false

  /next@15.0.0-canary.111(react-dom@19.0.0-rc-187dd6a7-20240806)(react@19.0.0-rc-187dd6a7-20240806):
    resolution: {integrity: sha512-QkJSKgFSRulkDlau+uhogXSCr02ALIgQmRtoZHrRlW86YNIEXwmqnhqj2pl8999liuuBIUldwULBB05IoMfxhg==}
    engines: {node: '>=18.18.0'}
    hasBin: true
    peerDependencies:
      '@opentelemetry/api': ^1.1.0
      '@playwright/test': ^1.41.2
      babel-plugin-react-compiler: '*'
      react: 19.0.0-rc-187dd6a7-20240806
      react-dom: 19.0.0-rc-187dd6a7-20240806
      sass: ^1.3.0
    peerDependenciesMeta:
      '@opentelemetry/api':
        optional: true
      '@playwright/test':
        optional: true
      babel-plugin-react-compiler:
        optional: true
      sass:
        optional: true
    dependencies:
      '@next/env': 15.0.0-canary.111
      '@swc/counter': 0.1.3
      '@swc/helpers': 0.5.12
      busboy: 1.6.0
      caniuse-lite: 1.0.30001651
      graceful-fs: 4.2.11
      postcss: 8.4.31
      react: 19.0.0-rc-187dd6a7-20240806
      react-dom: 19.0.0-rc-187dd6a7-20240806(react@19.0.0-rc-187dd6a7-20240806)
      styled-jsx: 5.1.6(react@19.0.0-rc-187dd6a7-20240806)
    optionalDependencies:
      '@next/swc-darwin-arm64': 15.0.0-canary.111
      '@next/swc-darwin-x64': 15.0.0-canary.111
      '@next/swc-linux-arm64-gnu': 15.0.0-canary.111
      '@next/swc-linux-arm64-musl': 15.0.0-canary.111
      '@next/swc-linux-x64-gnu': 15.0.0-canary.111
      '@next/swc-linux-x64-musl': 15.0.0-canary.111
      '@next/swc-win32-arm64-msvc': 15.0.0-canary.111
      '@next/swc-win32-ia32-msvc': 15.0.0-canary.111
      '@next/swc-win32-x64-msvc': 15.0.0-canary.111
      sharp: 0.33.4
    transitivePeerDependencies:
      - '@babel/core'
      - babel-plugin-macros
    dev: false

  /picocolors@1.0.1:
    resolution: {integrity: sha512-anP1Z8qwhkbmu7MFP5iTt+wQKXgwzf7zTyGlcdzabySa9vd0Xt392U0rVmz9poOaBj0uHJKyyo9/upk0HrEQew==}
    dev: false

  /postcss@8.4.31:
    resolution: {integrity: sha512-PS08Iboia9mts/2ygV3eLpY5ghnUcfLV/EXTOW1E2qYxJKGGBUtNjN76FYHnMs36RmARn41bC0AZmn+rR0OVpQ==}
    engines: {node: ^10 || ^12 || >=14}
    dependencies:
      nanoid: 3.3.7
      picocolors: 1.0.1
      source-map-js: 1.2.0
    dev: false

  /react-dom@19.0.0-rc-187dd6a7-20240806(react@19.0.0-rc-187dd6a7-20240806):
    resolution: {integrity: sha512-Lh7E4AolPf6iEBXQhSzSQoNDtwBPBG5255RLM/3lRzmWh+9jjXYpYd3YuMGQ5ZVCCaytHq5vkYtuFxWxBAfXCw==}
    peerDependencies:
      react: 19.0.0-rc-187dd6a7-20240806
    dependencies:
      react: 19.0.0-rc-187dd6a7-20240806
      scheduler: 0.25.0-rc-187dd6a7-20240806
    dev: false

  /react@19.0.0-rc-187dd6a7-20240806:
    resolution: {integrity: sha512-FbbwQBNk/UVmAgt57q5ao9NC3ducJhDfwxLoSf9A5p+O4rh8Lje4ucDCPevXMPm81GrxzkEF3rIVJdIhNf9tPw==}
    engines: {node: '>=0.10.0'}
    dev: false

  /scheduler@0.25.0-rc-187dd6a7-20240806:
    resolution: {integrity: sha512-U40NT+/QH0t7oBP0m/oQJvOC+iCNJTlugDkfPQI+vSVWrbmHGYK9fso6zJ5g5y5OwDu4pELEys5BEUrXMOdxmw==}
    dev: false

  /semver@7.6.3:
    resolution: {integrity: sha512-oVekP1cKtI+CTDvHWYFUcMtsK/00wmAEfyqKfNdARm8u1wNVhSgaX7A8d4UuIlUI5e84iEwOhs7ZPYRmzU9U6A==}
    engines: {node: '>=10'}
    hasBin: true
    requiresBuild: true
    dev: false
    optional: true

  /sharp@0.33.4:
    resolution: {integrity: sha512-7i/dt5kGl7qR4gwPRD2biwD2/SvBn3O04J77XKFgL2OnZtQw+AG9wnuS/csmu80nPRHLYE9E41fyEiG8nhH6/Q==}
    engines: {libvips: '>=8.15.2', node: ^18.17.0 || ^20.3.0 || >=21.0.0}
    requiresBuild: true
    dependencies:
      color: 4.2.3
      detect-libc: 2.0.3
      semver: 7.6.3
    optionalDependencies:
      '@img/sharp-darwin-arm64': 0.33.4
      '@img/sharp-darwin-x64': 0.33.4
      '@img/sharp-libvips-darwin-arm64': 1.0.2
      '@img/sharp-libvips-darwin-x64': 1.0.2
      '@img/sharp-libvips-linux-arm': 1.0.2
      '@img/sharp-libvips-linux-arm64': 1.0.2
      '@img/sharp-libvips-linux-s390x': 1.0.2
      '@img/sharp-libvips-linux-x64': 1.0.2
      '@img/sharp-libvips-linuxmusl-arm64': 1.0.2
      '@img/sharp-libvips-linuxmusl-x64': 1.0.2
      '@img/sharp-linux-arm': 0.33.4
      '@img/sharp-linux-arm64': 0.33.4
      '@img/sharp-linux-s390x': 0.33.4
      '@img/sharp-linux-x64': 0.33.4
      '@img/sharp-linuxmusl-arm64': 0.33.4
      '@img/sharp-linuxmusl-x64': 0.33.4
      '@img/sharp-wasm32': 0.33.4
      '@img/sharp-win32-ia32': 0.33.4
      '@img/sharp-win32-x64': 0.33.4
    dev: false
    optional: true

  /simple-swizzle@0.2.2:
    resolution: {integrity: sha512-JA//kQgZtbuY83m+xT+tXJkmJncGMTFT+C+g2h2R9uxkYIrE2yy9sgmcLhCnw57/WSD+Eh3J97FPEDFnbXnDUg==}
    requiresBuild: true
    dependencies:
      is-arrayish: 0.3.2
    dev: false
    optional: true

  /source-map-js@1.2.0:
    resolution: {integrity: sha512-itJW8lvSA0TXEphiRoawsCksnlf8SyvmFzIhltqAHluXd88pkCd+cXJVHTDwdCr0IzwptSm035IHQktUu1QUMg==}
    engines: {node: '>=0.10.0'}
    dev: false

  /streamsearch@1.1.0:
    resolution: {integrity: sha512-Mcc5wHehp9aXz1ax6bZUyY5afg9u2rv5cqQI3mRrYkGC8rW2hM02jWuwjtL++LS5qinSyhj2QfLyNsuc+VsExg==}
    engines: {node: '>=10.0.0'}
    dev: false

  /styled-jsx@5.1.6(react@19.0.0-rc-187dd6a7-20240806):
    resolution: {integrity: sha512-qSVyDTeMotdvQYoHWLNGwRFJHC+i+ZvdBRYosOFgC+Wg1vx4frN2/RG/NA7SYqqvKNLf39P2LSRA2pu6n0XYZA==}
    engines: {node: '>= 12.0.0'}
    peerDependencies:
      '@babel/core': '*'
      babel-plugin-macros: '*'
      react: '>= 16.8.0 || 17.x.x || ^18.0.0-0 || ^19.0.0-0'
    peerDependenciesMeta:
      '@babel/core':
        optional: true
      babel-plugin-macros:
        optional: true
    dependencies:
      client-only: 0.0.1
      react: 19.0.0-rc-187dd6a7-20240806
    dev: false

  /tslib@2.6.3:
    resolution: {integrity: sha512-xNvxJEOUiWPGhUuUdQgAJPKOOJfGnIyKySOc09XkKsgdUV/3E2zvwZYdejjmRgPCgcym1juLH3226yA7sEFJKQ==}
    dev: false
